
Microsoft Visual Studio Solution File, Format Version 12.00
# Visual Studio Version 17
VisualStudioVersion = 17.0.32112.339
MinimumVisualStudioVersion = 10.0.40219.1
Project("{FAE04EC0-301F-11D3-BF4B-00C04F79EFBC}") = "WebApplication1", "WebApplication1.csproj", "{8210A264-2873-443F-9B3D-A0A8BE6CA5D7}"
EndProject
Global
	GlobalSection(SolutionConfigurationPlatforms) = preSolution
		Debug|Any CPU = Debug|Any CPU
		Release|Any CPU = Release|Any CPU
	EndGlobalSection
	GlobalSection(ProjectConfigurationPlatforms) = postSolution
		{8210A264-2873-443F-9B3D-A0A8BE6CA5D7}.Debug|Any CPU.ActiveCfg = Debug|Any CPU
		{8210A264-2873-443F-9B3D-A0A8BE6CA5D7}.Debug|Any CPU.Build.0 = Debug|Any CPU
		{8210A264-2873-443F-9B3D-A0A8BE6CA5D7}.Release|Any CPU.ActiveCfg = Release|Any CPU
		{8210A264-2873-443F-9B3D-A0A8BE6CA5D7}.Release|Any CPU.Build.0 = Release|Any CPU
	EndGlobalSection
	GlobalSection(SolutionProperties) = preSolution
		HideSolutionNode = FALSE
	EndGlobalSection
	GlobalSection(ExtensibilityGlobals) = postSolution
		SolutionGuid = {6BA5554E-C1B3-4756-AF63-1BDF717BC31B}
	EndGlobalSection
EndGlobal
